// !$*UTF8*$!
{
	archiveVersion = 1;
	classes = {
	};
	objectVersion = 56;
	objects = {

/* Begin PBXBuildFile section */
		F83894D72862542100594C18 /* Player.swift in Sources */ = {isa = PBXBuildFile; fileRef = F83894D62862542100594C18 /* Player.swift */; };
		F83894D92862548A00594C18 /* Move.swift in Sources */ = {isa = PBXBuildFile; fileRef = F83894D82862548A00594C18 /* Move.swift */; };
		F8FD821F2861E1620061353D /* TicTacToeGameApp.swift in Sources */ = {isa = PBXBuildFile; fileRef = F8FD821E2861E1620061353D /* TicTacToeGameApp.swift */; };
		F8FD82232861E1630061353D /* Assets.xcassets in Resources */ = {isa = PBXBuildFile; fileRef = F8FD82222861E1630061353D /* Assets.xcassets */; };
		F8FD82262861E1630061353D /* Preview Assets.xcassets in Resources */ = {isa = PBXBuildFile; fileRef = F8FD82252861E1630061353D /* Preview Assets.xcassets */; };
		F8FD82302861E5190061353D /* TicTacToe.swift in Sources */ = {isa = PBXBuildFile; fileRef = F8FD822F2861E5190061353D /* TicTacToe.swift */; };
		F8FD82342861E70C0061353D /* XOButtonView.swift in Sources */ = {isa = PBXBuildFile; fileRef = F8FD82332861E70C0061353D /* XOButtonView.swift */; };
		F8FD82362861EC670061353D /* XOGrid.swift in Sources */ = {isa = PBXBuildFile; fileRef = F8FD82352861EC670061353D /* XOGrid.swift */; };
		F8FD82382861ED3A0061353D /* MainView.swift in Sources */ = {isa = PBXBuildFile; fileRef = F8FD82372861ED3A0061353D /* MainView.swift */; };
		F8FD823B28624AD90061353D /* GameArea.swift in Sources */ = {isa = PBXBuildFile; fileRef = F8FD823A28624AD90061353D /* GameArea.swift */; };
		F8FD823F28624BAA0061353D /* TicTacToeVM.swift in Sources */ = {isa = PBXBuildFile; fileRef = F8FD823E28624BAA0061353D /* TicTacToeVM.swift */; };
/* End PBXBuildFile section */

/* Begin PBXFileReference section */
		F83894D62862542100594C18 /* Player.swift */ = {isa = PBXFileReference; lastKnownFileType = sourcecode.swift; path = Player.swift; sourceTree = "<group>"; };
		F83894D82862548A00594C18 /* Move.swift */ = {isa = PBXFileReference; lastKnownFileType = sourcecode.swift; path = Move.swift; sourceTree = "<group>"; };
		F8FD821B2861E1620061353D /* TicTacToeGame.app */ = {isa = PBXFileReference; explicitFileType = wrapper.application; includeInIndex = 0; path = TicTacToeGame.app; sourceTree = BUILT_PRODUCTS_DIR; };
		F8FD821E2861E1620061353D /* TicTacToeGameApp.swift */ = {isa = PBXFileReference; lastKnownFileType = sourcecode.swift; path = TicTacToeGameApp.swift; sourceTree = "<group>"; };
		F8FD82222861E1630061353D /* Assets.xcassets */ = {isa = PBXFileReference; lastKnownFileType = folder.assetcatalog; path = Assets.xcassets; sourceTree = "<group>"; };
		F8FD82252861E1630061353D /* Preview Assets.xcassets */ = {isa = PBXFileReference; lastKnownFileType = folder.assetcatalog; path = "Preview Assets.xcassets"; sourceTree = "<group>"; };
		F8FD822F2861E5190061353D /* TicTacToe.swift */ = {isa = PBXFileReference; lastKnownFileType = sourcecode.swift; path = TicTacToe.swift; sourceTree = "<group>"; };
		F8FD82332861E70C0061353D /* XOButtonView.swift */ = {isa = PBXFileReference; lastKnownFileType = sourcecode.swift; path = XOButtonView.swift; sourceTree = "<group>"; };
		F8FD82352861EC670061353D /* XOGrid.swift */ = {isa = PBXFileReference; lastKnownFileType = sourcecode.swift; path = XOGrid.swift; sourceTree = "<group>"; };
		F8FD82372861ED3A0061353D /* MainView.swift */ = {isa = PBXFileReference; lastKnownFileType = sourcecode.swift; path = MainView.swift; sourceTree = "<group>"; };
		F8FD823A28624AD90061353D /* GameArea.swift */ = {isa = PBXFileReference; lastKnownFileType = sourcecode.swift; path = GameArea.swift; sourceTree = "<group>"; };
		F8FD823E28624BAA0061353D /* TicTacToeVM.swift */ = {isa = PBXFileReference; lastKnownFileType = sourcecode.swift; path = TicTacToeVM.swift; sourceTree = "<group>"; };
/* End PBXFileReference section */

/* Begin PBXFrameworksBuildPhase section */
		F8FD82182861E1620061353D /* Frameworks */ = {
			isa = PBXFrameworksBuildPhase;
			buildActionMask = 2147483647;
			files = (
			);
			runOnlyForDeploymentPostprocessing = 0;
		};
/* End PBXFrameworksBuildPhase section */

/* Begin PBXGroup section */
		F8FD82122861E1620061353D = {
			isa = PBXGroup;
			children = (
				F8FD821D2861E1620061353D /* TicTacToeGame */,
				F8FD821C2861E1620061353D /* Products */,
			);
			sourceTree = "<group>";
		};
		F8FD821C2861E1620061353D /* Products */ = {
			isa = PBXGroup;
			children = (
				F8FD821B2861E1620061353D /* TicTacToeGame.app */,
			);
			name = Products;
			sourceTree = "<group>";
		};
		F8FD821D2861E1620061353D /* TicTacToeGame */ = {
			isa = PBXGroup;
			children = (
				F8FD821E2861E1620061353D /* TicTacToeGameApp.swift */,
				F8FD822E2861E1C60061353D /* Views */,
				F8FD822D2861E1BC0061353D /* ViewModels */,
				F8FD822C2861E1B70061353D /* Models */,
				F8FD82222861E1630061353D /* Assets.xcassets */,
				F8FD82242861E1630061353D /* Preview Content */,
			);
			path = TicTacToeGame;
			sourceTree = "<group>";
		};
		F8FD82242861E1630061353D /* Preview Content */ = {
			isa = PBXGroup;
			children = (
				F8FD82252861E1630061353D /* Preview Assets.xcassets */,
			);
			path = "Preview Content";
			sourceTree = "<group>";
		};
		F8FD822C2861E1B70061353D /* Models */ = {
			isa = PBXGroup;
			children = (
				F8FD822F2861E5190061353D /* TicTacToe.swift */,
				F83894D62862542100594C18 /* Player.swift */,
				F83894D82862548A00594C18 /* Move.swift */,
				F8FD823A28624AD90061353D /* GameArea.swift */,
			);
			path = Models;
			sourceTree = "<group>";
		};
		F8FD822D2861E1BC0061353D /* ViewModels */ = {
			isa = PBXGroup;
			children = (
				F8FD823E28624BAA0061353D /* TicTacToeVM.swift */,
			);
			path = ViewModels;
			sourceTree = "<group>";
		};
		F8FD822E2861E1C60061353D /* Views */ = {
			isa = PBXGroup;
			children = (
				F8FD82372861ED3A0061353D /* MainView.swift */,
				F8FD82332861E70C0061353D /* XOButtonView.swift */,
				F8FD82352861EC670061353D /* XOGrid.swift */,
			);
			path = Views;
			sourceTree = "<group>";
		};
/* End PBXGroup section */

/* Begin PBXNativeTarget section */
		F8FD821A2861E1620061353D /* TicTacToeGame */ = {
			isa = PBXNativeTarget;
			buildConfigurationList = F8FD82292861E1630061353D /* Build configuration list for PBXNativeTarget "TicTacToeGame" */;
			buildPhases = (
				F8FD82172861E1620061353D /* Sources */,
				F8FD82182861E1620061353D /* Frameworks */,
				F8FD82192861E1620061353D /* Resources */,
			);
			buildRules = (
			);
			dependencies = (
			);
			name = TicTacToeGame;
			productName = TicTacToeGame;
			productReference = F8FD821B2861E1620061353D /* TicTacToeGame.app */;
			productType = "com.apple.product-type.application";
		};
/* End PBXNativeTarget section */

/* Begin PBXProject section */
		F8FD82132861E1620061353D /* Project object */ = {
			isa = PBXProject;
			attributes = {
				BuildIndependentTargetsInParallel = 1;
				LastSwiftUpdateCheck = 1400;
				LastUpgradeCheck = 1400;
				TargetAttributes = {
					F8FD821A2861E1620061353D = {
						CreatedOnToolsVersion = 14.0;
					};
				};
			};
			buildConfigurationList = F8FD82162861E1620061353D /* Build configuration list for PBXProject "TicTacToeGame" */;
			compatibilityVersion = "Xcode 14.0";
			developmentRegion = en;
			hasScannedForEncodings = 0;
			knownRegions = (
				en,
				Base,
			);
			mainGroup = F8FD82122861E1620061353D;
			productRefGroup = F8FD821C2861E1620061353D /* Products */;
			projectDirPath = "";
			projectRoot = "";
			targets = (
				F8FD821A2861E1620061353D /* TicTacToeGame */,
			);
		};
/* End PBXProject section */

/* Begin PBXResourcesBuildPhase section */
		F8FD82192861E1620061353D /* Resources */ = {
			isa = PBXResourcesBuildPhase;
			buildActionMask = 2147483647;
			files = (
				F8FD82262861E1630061353D /* Preview Assets.xcassets in Resources */,
				F8FD82232861E1630061353D /* Assets.xcassets in Resources */,
			);
			runOnlyForDeploymentPostprocessing = 0;
		};
/* End PBXResourcesBuildPhase section */

/* Begin PBXSourcesBuildPhase section */
		F8FD82172861E1620061353D /* Sources */ = {
			isa = PBXSourcesBuildPhase;
			buildActionMask = 2147483647;
			files = (
				F8FD82382861ED3A0061353D /* MainView.swift in Sources */,
				F83894D92862548A00594C18 /* Move.swift in Sources */,
				F8FD82362861EC670061353D /* XOGrid.swift in Sources */,
				F8FD823B28624AD90061353D /* GameArea.swift in Sources */,
				F8FD82302861E5190061353D /* TicTacToe.swift in Sources */,
				F8FD82342861E70C0061353D /* XOButtonView.swift in Sources */,
				F8FD821F2861E1620061353D /* TicTacToeGameApp.swift in Sources */,
				F83894D72862542100594C18 /* Player.swift in Sources */,
				F8FD823F28624BAA0061353D /* TicTacToeVM.swift in Sources */,
			);
			runOnlyForDeploymentPostprocessing = 0;
		};
/* End PBXSourcesBuildPhase section */

/* Begin XCBuildConfiguration section */
		F8FD82272861E1630061353D /* Debug */ = {
			isa = XCBuildConfiguration;
			buildSettings = {
				ALWAYS_SEARCH_USER_PATHS = NO;
				CLANG_ANALYZER_NONNULL = YES;
				CLANG_ANALYZER_NUMBER_OBJECT_CONVERSION = YES_AGGRESSIVE;
				CLANG_CXX_LANGUAGE_STANDARD = "gnu++17";
				CLANG_ENABLE_MODULES = YES;
				CLANG_ENABLE_OBJC_ARC = YES;
				CLANG_ENABLE_OBJC_WEAK = YES;
				CLANG_WARN_BLOCK_CAPTURE_AUTORELEASING = YES;
				CLANG_WARN_BOOL_CONVERSION = YES;
				CLANG_WARN_COMMA = YES;
				CLANG_WARN_CONSTANT_CONVERSION = YES;
				CLANG_WARN_DEPRECATED_OBJC_IMPLEMENTATIONS = YES;
				CLANG_WARN_DIRECT_OBJC_ISA_USAGE = YES_ERROR;
				CLANG_WARN_DOCUMENTATION_COMMENTS = YES;
				CLANG_WARN_EMPTY_BODY = YES;
				CLANG_WARN_ENUM_CONVERSION = YES;
				CLANG_WARN_INFINITE_RECURSION = YES;
				CLANG_WARN_INT_CONVERSION = YES;
				CLANG_WARN_NON_LITERAL_NULL_CONVERSION = YES;
				CLANG_WARN_OBJC_IMPLICIT_RETAIN_SELF = YES;
				CLANG_WARN_OBJC_LITERAL_CONVERSION = YES;
				CLANG_WARN_OBJC_ROOT_CLASS = YES_ERROR;
				CLANG_WARN_QUOTED_INCLUDE_IN_FRAMEWORK_HEADER = YES;
				CLANG_WARN_RANGE_LOOP_ANALYSIS = YES;
				CLANG_WARN_STRICT_PROTOTYPES = YES;
				CLANG_WARN_SUSPICIOUS_MOVE = YES;
				CLANG_WARN_UNGUARDED_AVAILABILITY = YES_AGGRESSIVE;
				CLANG_WARN_UNREACHABLE_CODE = YES;
				CLANG_WARN__DUPLICATE_METHOD_MATCH = YES;
				COPY_PHASE_STRIP = NO;
				DEBUG_INFORMATION_FORMAT = dwarf;
				ENABLE_STRICT_OBJC_MSGSEND = YES;
				ENABLE_TESTABILITY = YES;
				GCC_C_LANGUAGE_STANDARD = gnu11;
				GCC_DYNAMIC_NO_PIC = NO;
				GCC_NO_COMMON_BLOCKS = YES;
				GCC_OPTIMIZATION_LEVEL = 0;
				GCC_PREPROCESSOR_DEFINITIONS = (
					"DEBUG=1",
					"$(inherited)",
				);
				GCC_WARN_64_TO_32_BIT_CONVERSION = YES;
				GCC_WARN_ABOUT_RETURN_TYPE = YES_ERROR;
				GCC_WARN_UNDECLARED_SELECTOR = YES;
				GCC_WARN_UNINITIALIZED_AUTOS = YES_AGGRESSIVE;
				GCC_WARN_UNUSED_FUNCTION = YES;
				GCC_WARN_UNUSED_VARIABLE = YES;
				IPHONEOS_DEPLOYMENT_TARGET = 16.0;
				MTL_ENABLE_DEBUG_INFO = INCLUDE_SOURCE;
				MTL_FAST_MATH = YES;
				ONLY_ACTIVE_ARCH = YES;
				SDKROOT = iphoneos;
				SWIFT_ACTIVE_COMPILATION_CONDITIONS = DEBUG;
				SWIFT_OPTIMIZATION_LEVEL = "-Onone";
			};
			name = Debug;
		};
		F8FD82282861E1630061353D /* Release */ = {
			isa = XCBuildConfiguration;
			buildSettings = {
				ALWAYS_SEARCH_USER_PATHS = NO;
				CLANG_ANALYZER_NONNULL = YES;
				CLANG_ANALYZER_NUMBER_OBJECT_CONVERSION = YES_AGGRESSIVE;
				CLANG_CXX_LANGUAGE_STANDARD = "gnu++17";
				CLANG_ENABLE_MODULES = YES;
				CLANG_ENABLE_OBJC_ARC = YES;
				CLANG_ENABLE_OBJC_WEAK = YES;
				CLANG_WARN_BLOCK_CAPTURE_AUTORELEASING = YES;
				CLANG_WARN_BOOL_CONVERSION = YES;
				CLANG_WARN_COMMA = YES;
				CLANG_WARN_CONSTANT_CONVERSION = YES;
				CLANG_WARN_DEPRECATED_OBJC_IMPLEMENTATIONS = YES;
				CLANG_WARN_DIRECT_OBJC_ISA_USAGE = YES_ERROR;
				CLANG_WARN_DOCUMENTATION_COMMENTS = YES;
				CLANG_WARN_EMPTY_BODY = YES;
				CLANG_WARN_ENUM_CONVERSION = YES;
				CLANG_WARN_INFINITE_RECURSION = YES;
				CLANG_WARN_INT_CONVERSION = YES;
				CLANG_WARN_NON_LITERAL_NULL_CONVERSION = YES;
				CLANG_WARN_OBJC_IMPLICIT_RETAIN_SELF = YES;
				CLANG_WARN_OBJC_LITERAL_CONVERSION = YES;
				CLANG_WARN_OBJC_ROOT_CLASS = YES_ERROR;
				CLANG_WARN_QUOTED_INCLUDE_IN_FRAMEWORK_HEADER = YES;
				CLANG_WARN_RANGE_LOOP_ANALYSIS = YES;
				CLANG_WARN_STRICT_PROTOTYPES = YES;
				CLANG_WARN_SUSPICIOUS_MOVE = YES;
				CLANG_WARN_UNGUARDED_AVAILABILITY = YES_AGGRESSIVE;
				CLANG_WARN_UNREACHABLE_CODE = YES;
				CLANG_WARN__DUPLICATE_METHOD_MATCH = YES;
				COPY_PHASE_STRIP = NO;
				DEBUG_INFORMATION_FORMAT = "dwarf-with-dsym";
				ENABLE_NS_ASSERTIONS = NO;
				ENABLE_STRICT_OBJC_MSGSEND = YES;
				GCC_C_LANGUAGE_STANDARD = gnu11;
				GCC_NO_COMMON_BLOCKS = YES;
				GCC_WARN_64_TO_32_BIT_CONVERSION = YES;
				GCC_WARN_ABOUT_RETURN_TYPE = YES_ERROR;
				GCC_WARN_UNDECLARED_SELECTOR = YES;
				GCC_WARN_UNINITIALIZED_AUTOS = YES_AGGRESSIVE;
				GCC_WARN_UNUSED_FUNCTION = YES;
				GCC_WARN_UNUSED_VARIABLE = YES;
				IPHONEOS_DEPLOYMENT_TARGET = 16.0;
				MTL_ENABLE_DEBUG_INFO = NO;
				MTL_FAST_MATH = YES;
				SDKROOT = iphoneos;
				SWIFT_COMPILATION_MODE = wholemodule;
				SWIFT_OPTIMIZATION_LEVEL = "-O";
				VALIDATE_PRODUCT = YES;
			};
			name = Release;
		};
		F8FD822A2861E1630061353D /* Debug */ = {
			isa = XCBuildConfiguration;
			buildSettings = {
				ASSETCATALOG_COMPILER_APPICON_NAME = AppIcon;
				ASSETCATALOG_COMPILER_GLOBAL_ACCENT_COLOR_NAME = AccentColor;
				CODE_SIGN_STYLE = Automatic;
				CURRENT_PROJECT_VERSION = 1;
				DEVELOPMENT_ASSET_PATHS = "\"TicTacToeGame/Preview Content\"";
				DEVELOPMENT_TEAM = H5J3S6F67R;
				ENABLE_PREVIEWS = YES;
				GENERATE_INFOPLIST_FILE = YES;
				INFOPLIST_KEY_UIApplicationSceneManifest_Generation = YES;
				INFOPLIST_KEY_UIApplicationSupportsIndirectInputEvents = YES;
				INFOPLIST_KEY_UILaunchScreen_Generation = YES;
				INFOPLIST_KEY_UISupportedInterfaceOrientations_iPad = "UIInterfaceOrientationPortrait UIInterfaceOrientationPortraitUpsideDown UIInterfaceOrientationLandscapeLeft UIInterfaceOrientationLandscapeRight";
				INFOPLIST_KEY_UISupportedInterfaceOrientations_iPhone = "UIInterfaceOrientationPortrait UIInterfaceOrientationLandscapeLeft UIInterfaceOrientationLandscapeRight";
				LD_RUNPATH_SEARCH_PATHS = (
					"$(inherited)",
					"@executable_path/Frameworks",
				);
				MARKETING_VERSION = 1.0;
				PRODUCT_BUNDLE_IDENTIFIER = com.pal.artem.TicTacToeGame;
				PRODUCT_NAME = "$(TARGET_NAME)";
				SWIFT_EMIT_LOC_STRINGS = YES;
				SWIFT_VERSION = 5.0;
				TARGETED_DEVICE_FAMILY = "1,2";
			};
			name = Debug;
		};
		F8FD822B2861E1630061353D /* Release */ = {
			isa = XCBuildConfiguration;
			buildSettings = {
				ASSETCATALOG_COMPILER_APPICON_NAME = AppIcon;
				ASSETCATALOG_COMPILER_GLOBAL_ACCENT_COLOR_NAME = AccentColor;
				CODE_SIGN_STYLE = Automatic;
				CURRENT_PROJECT_VERSION = 1;
				DEVELOPMENT_ASSET_PATHS = "\"TicTacToeGame/Preview Content\"";
				DEVELOPMENT_TEAM = H5J3S6F67R;
				ENABLE_PREVIEWS = YES;
				GENERATE_INFOPLIST_FILE = YES;
				INFOPLIST_KEY_UIApplicationSceneManifest_Generation = YES;
				INFOPLIST_KEY_UIApplicationSupportsIndirectInputEvents = YES;
				INFOPLIST_KEY_UILaunchScreen_Generation = YES;
				INFOPLIST_KEY_UISupportedInterfaceOrientations_iPad = "UIInterfaceOrientationPortrait UIInterfaceOrientationPortraitUpsideDown UIInterfaceOrientationLandscapeLeft UIInterfaceOrientationLandscapeRight";
				INFOPLIST_KEY_UISupportedInterfaceOrientations_iPhone = "UIInterfaceOrientationPortrait UIInterfaceOrientationLandscapeLeft UIInterfaceOrientationLandscapeRight";
				LD_RUNPATH_SEARCH_PATHS = (
					"$(inherited)",
					"@executable_path/Frameworks",
				);
				MARKETING_VERSION = 1.0;
				PRODUCT_BUNDLE_IDENTIFIER = com.pal.artem.TicTacToeGame;
				PRODUCT_NAME = "$(TARGET_NAME)";
				SWIFT_EMIT_LOC_STRINGS = YES;
				SWIFT_VERSION = 5.0;
				TARGETED_DEVICE_FAMILY = "1,2";
			};
			name = Release;
		};
/* End XCBuildConfiguration section */

/* Begin XCConfigurationList section */
		F8FD82162861E1620061353D /* Build configuration list for PBXProject "TicTacToeGame" */ = {
			isa = XCConfigurationList;
			buildConfigurations = (
				F8FD82272861E1630061353D /* Debug */,
				F8FD82282861E1630061353D /* Release */,
			);
			defaultConfigurationIsVisible = 0;
			defaultConfigurationName = Release;
		};
		F8FD82292861E1630061353D /* Build configuration list for PBXNativeTarget "TicTacToeGame" */ = {
			isa = XCConfigurationList;
			buildConfigurations = (
				F8FD822A2861E1630061353D /* Debug */,
				F8FD822B2861E1630061353D /* Release */,
			);
			defaultConfigurationIsVisible = 0;
			defaultConfigurationName = Release;
		};
/* End XCConfigurationList section */
	};
	rootObject = F8FD82132861E1620061353D /* Project object */;
}
